
Microsoft Visual Studio Solution File, Format Version 12.00
# Visual Studio Version 17
VisualStudioVersion = 17.2.32526.322
MinimumVisualStudioVersion = 10.0.40219.1
Project("{FAE04EC0-301F-11D3-BF4B-00C04F79EFBC}") = "FastFoodRestaurantMenu", "FastFoodRestaurantMenu\FastFoodRestaurantMenu.csproj", "{07298537-1D4B-4AB7-97F7-F73D37A986B6}"
EndProject
Global
	GlobalSection(SolutionConfigurationPlatforms) = preSolution
		Debug|Any CPU = Debug|Any CPU
		Release|Any CPU = Release|Any CPU
	EndGlobalSection
	GlobalSection(ProjectConfigurationPlatforms) = postSolution
		{07298537-1D4B-4AB7-97F7-F73D37A986B6}.Debug|Any CPU.ActiveCfg = Debug|Any CPU
		{07298537-1D4B-4AB7-97F7-F73D37A986B6}.Debug|Any CPU.Build.0 = Debug|Any CPU
		{07298537-1D4B-4AB7-97F7-F73D37A986B6}.Release|Any CPU.ActiveCfg = Release|Any CPU
		{07298537-1D4B-4AB7-97F7-F73D37A986B6}.Release|Any CPU.Build.0 = Release|Any CPU
	EndGlobalSection
	GlobalSection(SolutionProperties) = preSolution
		HideSolutionNode = FALSE
	EndGlobalSection
	GlobalSection(ExtensibilityGlobals) = postSolution
		SolutionGuid = {100E2D3C-9B8F-4C99-9217-61B0C9606572}
	EndGlobalSection
EndGlobal
